// !$*UTF8*$!
{
	archiveVersion = 1;
	classes = {
	};
	objectVersion = 56;
	objects = {

/* Begin PBXBuildFile section */
		0225D8498D94BE2F4E4154FE /* Pods_Manga_black_tont.framework in Frameworks */ = {isa = PBXBuildFile; fileRef = 0BCBE0BC3E35F7C37F164586 /* Pods_Manga_black_tont.framework */; };
		0F03D33F29A4CC1C00678B5A /* RecommendCell.swift in Sources */ = {isa = PBXBuildFile; fileRef = 0F03D33D29A4CC1C00678B5A /* RecommendCell.swift */; };
		0F03D34029A4CC1C00678B5A /* RecommendCell.xib in Resources */ = {isa = PBXBuildFile; fileRef = 0F03D33E29A4CC1C00678B5A /* RecommendCell.xib */; };
		0F2F44ED299F70A300EFD72E /* Welcome2Controller.swift in Sources */ = {isa = PBXBuildFile; fileRef = 0F2F44EC299F70A300EFD72E /* Welcome2Controller.swift */; };
		0F2F44EF299F70CC00EFD72E /* Genres.swift in Sources */ = {isa = PBXBuildFile; fileRef = 0F2F44EE299F70CC00EFD72E /* Genres.swift */; };
		0F2F44F3299F71C300EFD72E /* GenresCell.xib in Resources */ = {isa = PBXBuildFile; fileRef = 0F2F44F1299F71C300EFD72E /* GenresCell.xib */; };
		0F2F44F4299F71C300EFD72E /* GenresCell.swift in Sources */ = {isa = PBXBuildFile; fileRef = 0F2F44F2299F71C300EFD72E /* GenresCell.swift */; };
		0F2F44F9299F774D00EFD72E /* HomeController.swift in Sources */ = {isa = PBXBuildFile; fileRef = 0F2F44F8299F774D00EFD72E /* HomeController.swift */; };
		0F311BA329A476AD00C772F6 /* FeatureCell.swift in Sources */ = {isa = PBXBuildFile; fileRef = 0F311BA129A476AD00C772F6 /* FeatureCell.swift */; };
		0F311BA429A476AD00C772F6 /* FeatureCell.xib in Resources */ = {isa = PBXBuildFile; fileRef = 0F311BA229A476AD00C772F6 /* FeatureCell.xib */; };
		0F311BA629A4792000C772F6 /* Features.swift in Sources */ = {isa = PBXBuildFile; fileRef = 0F311BA529A4792000C772F6 /* Features.swift */; };
		0F9DACE5299495B0002F68AB /* AppDelegate.swift in Sources */ = {isa = PBXBuildFile; fileRef = 0F9DACE4299495B0002F68AB /* AppDelegate.swift */; };
		0F9DACE7299495B0002F68AB /* SceneDelegate.swift in Sources */ = {isa = PBXBuildFile; fileRef = 0F9DACE6299495B0002F68AB /* SceneDelegate.swift */; };
		0F9DACE9299495B0002F68AB /* MainMangaController.swift in Sources */ = {isa = PBXBuildFile; fileRef = 0F9DACE8299495B0002F68AB /* MainMangaController.swift */; };
		0F9DACEC299495B0002F68AB /* Main.storyboard in Resources */ = {isa = PBXBuildFile; fileRef = 0F9DACEA299495B0002F68AB /* Main.storyboard */; };
		0F9DACEE299495B4002F68AB /* Assets.xcassets in Resources */ = {isa = PBXBuildFile; fileRef = 0F9DACED299495B4002F68AB /* Assets.xcassets */; };
		0F9DACF1299495B4002F68AB /* LaunchScreen.storyboard in Resources */ = {isa = PBXBuildFile; fileRef = 0F9DACEF299495B4002F68AB /* LaunchScreen.storyboard */; };
		0F9DAD072994A83A002F68AB /* WelcomeController.swift in Sources */ = {isa = PBXBuildFile; fileRef = 0F9DAD062994A83A002F68AB /* WelcomeController.swift */; };
		0F9DAD0B2994D7B6002F68AB /* Uiview+extention.swift in Sources */ = {isa = PBXBuildFile; fileRef = 0F9DAD0A2994D7B6002F68AB /* Uiview+extention.swift */; };
		0F9DAD0D2994D950002F68AB /* StartPageSlide.swift in Sources */ = {isa = PBXBuildFile; fileRef = 0F9DAD0C2994D950002F68AB /* StartPageSlide.swift */; };
		0F9DAD192994E014002F68AB /* StartPageCell.swift in Sources */ = {isa = PBXBuildFile; fileRef = 0F9DAD172994E014002F68AB /* StartPageCell.swift */; };
		0F9DAD1A2994E014002F68AB /* StartPageCell.xib in Resources */ = {isa = PBXBuildFile; fileRef = 0F9DAD182994E014002F68AB /* StartPageCell.xib */; };
		0FAA31EC29A4CEFD0087F268 /* Recommends.swift in Sources */ = {isa = PBXBuildFile; fileRef = 0FAA31EB29A4CEFD0087F268 /* Recommends.swift */; };
		0FAE1A9629A5D2B700B55C24 /* FeatureCollection.swift in Sources */ = {isa = PBXBuildFile; fileRef = 0FAE1A9429A5D2B700B55C24 /* FeatureCollection.swift */; };
		0FAE1A9729A5D2B700B55C24 /* FeatureCollection.xib in Resources */ = {isa = PBXBuildFile; fileRef = 0FAE1A9529A5D2B700B55C24 /* FeatureCollection.xib */; };
		0FAE1A9A29A5F09700B55C24 /* RecommendColletion.swift in Sources */ = {isa = PBXBuildFile; fileRef = 0FAE1A9829A5F09700B55C24 /* RecommendColletion.swift */; };
		0FAE1A9B29A5F09700B55C24 /* RecommendColletion.xib in Resources */ = {isa = PBXBuildFile; fileRef = 0FAE1A9929A5F09700B55C24 /* RecommendColletion.xib */; };
		0FAE1A9F29A611AD00B55C24 /* AuthorCell.swift in Sources */ = {isa = PBXBuildFile; fileRef = 0FAE1A9D29A611AD00B55C24 /* AuthorCell.swift */; };
		0FAE1AA029A611AE00B55C24 /* AuthorCell.xib in Resources */ = {isa = PBXBuildFile; fileRef = 0FAE1A9E29A611AD00B55C24 /* AuthorCell.xib */; };
		0FAE9BC62996289A0034C216 /* SignUpController.swift in Sources */ = {isa = PBXBuildFile; fileRef = 0FAE9BC52996289A0034C216 /* SignUpController.swift */; };
		0FC2CF1129A7056E0081D7E8 /* AuthorColletion.swift in Sources */ = {isa = PBXBuildFile; fileRef = 0FC2CF0F29A7056E0081D7E8 /* AuthorColletion.swift */; };
		0FC2CF1229A7056E0081D7E8 /* AuthorColletion.xib in Resources */ = {isa = PBXBuildFile; fileRef = 0FC2CF1029A7056E0081D7E8 /* AuthorColletion.xib */; };
		0FC2CF1429A70A4F0081D7E8 /* Authors.swift in Sources */ = {isa = PBXBuildFile; fileRef = 0FC2CF1329A70A4F0081D7E8 /* Authors.swift */; };
/* End PBXBuildFile section */

/* Begin PBXFileReference section */
		0BCBE0BC3E35F7C37F164586 /* Pods_Manga_black_tont.framework */ = {isa = PBXFileReference; explicitFileType = wrapper.framework; includeInIndex = 0; path = Pods_Manga_black_tont.framework; sourceTree = BUILT_PRODUCTS_DIR; };
		0F03D33D29A4CC1C00678B5A /* RecommendCell.swift */ = {isa = PBXFileReference; lastKnownFileType = sourcecode.swift; path = RecommendCell.swift; sourceTree = "<group>"; };
		0F03D33E29A4CC1C00678B5A /* RecommendCell.xib */ = {isa = PBXFileReference; lastKnownFileType = file.xib; path = RecommendCell.xib; sourceTree = "<group>"; };
		0F2F44EC299F70A300EFD72E /* Welcome2Controller.swift */ = {isa = PBXFileReference; fileEncoding = 4; lastKnownFileType = sourcecode.swift; path = Welcome2Controller.swift; sourceTree = "<group>"; };
		0F2F44EE299F70CC00EFD72E /* Genres.swift */ = {isa = PBXFileReference; fileEncoding = 4; lastKnownFileType = sourcecode.swift; path = Genres.swift; sourceTree = "<group>"; };
		0F2F44F1299F71C300EFD72E /* GenresCell.xib */ = {isa = PBXFileReference; fileEncoding = 4; lastKnownFileType = file.xib; path = GenresCell.xib; sourceTree = "<group>"; };
		0F2F44F2299F71C300EFD72E /* GenresCell.swift */ = {isa = PBXFileReference; fileEncoding = 4; lastKnownFileType = sourcecode.swift; path = GenresCell.swift; sourceTree = "<group>"; };
		0F2F44F8299F774D00EFD72E /* HomeController.swift */ = {isa = PBXFileReference; lastKnownFileType = sourcecode.swift; path = HomeController.swift; sourceTree = "<group>"; };
		0F311BA129A476AD00C772F6 /* FeatureCell.swift */ = {isa = PBXFileReference; lastKnownFileType = sourcecode.swift; path = FeatureCell.swift; sourceTree = "<group>"; };
		0F311BA229A476AD00C772F6 /* FeatureCell.xib */ = {isa = PBXFileReference; lastKnownFileType = file.xib; path = FeatureCell.xib; sourceTree = "<group>"; };
		0F311BA529A4792000C772F6 /* Features.swift */ = {isa = PBXFileReference; lastKnownFileType = sourcecode.swift; path = Features.swift; sourceTree = "<group>"; };
		0F9DACE1299495B0002F68AB /* Manga_black_tont.app */ = {isa = PBXFileReference; explicitFileType = wrapper.application; includeInIndex = 0; path = Manga_black_tont.app; sourceTree = BUILT_PRODUCTS_DIR; };
		0F9DACE4299495B0002F68AB /* AppDelegate.swift */ = {isa = PBXFileReference; lastKnownFileType = sourcecode.swift; path = AppDelegate.swift; sourceTree = "<group>"; };
		0F9DACE6299495B0002F68AB /* SceneDelegate.swift */ = {isa = PBXFileReference; lastKnownFileType = sourcecode.swift; path = SceneDelegate.swift; sourceTree = "<group>"; };
		0F9DACE8299495B0002F68AB /* MainMangaController.swift */ = {isa = PBXFileReference; lastKnownFileType = sourcecode.swift; path = MainMangaController.swift; sourceTree = "<group>"; };
		0F9DACEB299495B0002F68AB /* Base */ = {isa = PBXFileReference; lastKnownFileType = file.storyboard; name = Base; path = Base.lproj/Main.storyboard; sourceTree = "<group>"; };
		0F9DACED299495B4002F68AB /* Assets.xcassets */ = {isa = PBXFileReference; lastKnownFileType = folder.assetcatalog; path = Assets.xcassets; sourceTree = "<group>"; };
		0F9DACF0299495B4002F68AB /* Base */ = {isa = PBXFileReference; lastKnownFileType = file.storyboard; name = Base; path = Base.lproj/LaunchScreen.storyboard; sourceTree = "<group>"; };
		0F9DACF2299495B4002F68AB /* Info.plist */ = {isa = PBXFileReference; lastKnownFileType = text.plist.xml; path = Info.plist; sourceTree = "<group>"; };
		0F9DAD062994A83A002F68AB /* WelcomeController.swift */ = {isa = PBXFileReference; lastKnownFileType = sourcecode.swift; path = WelcomeController.swift; sourceTree = "<group>"; };
		0F9DAD0A2994D7B6002F68AB /* Uiview+extention.swift */ = {isa = PBXFileReference; lastKnownFileType = sourcecode.swift; path = "Uiview+extention.swift"; sourceTree = "<group>"; };
		0F9DAD0C2994D950002F68AB /* StartPageSlide.swift */ = {isa = PBXFileReference; lastKnownFileType = sourcecode.swift; path = StartPageSlide.swift; sourceTree = "<group>"; };
		0F9DAD172994E014002F68AB /* StartPageCell.swift */ = {isa = PBXFileReference; lastKnownFileType = sourcecode.swift; path = StartPageCell.swift; sourceTree = "<group>"; };
		0F9DAD182994E014002F68AB /* StartPageCell.xib */ = {isa = PBXFileReference; lastKnownFileType = file.xib; path = StartPageCell.xib; sourceTree = "<group>"; };
		0FAA31EB29A4CEFD0087F268 /* Recommends.swift */ = {isa = PBXFileReference; lastKnownFileType = sourcecode.swift; path = Recommends.swift; sourceTree = "<group>"; };
		0FAE1A9429A5D2B700B55C24 /* FeatureCollection.swift */ = {isa = PBXFileReference; lastKnownFileType = sourcecode.swift; path = FeatureCollection.swift; sourceTree = "<group>"; };
		0FAE1A9529A5D2B700B55C24 /* FeatureCollection.xib */ = {isa = PBXFileReference; lastKnownFileType = file.xib; path = FeatureCollection.xib; sourceTree = "<group>"; };
		0FAE1A9829A5F09700B55C24 /* RecommendColletion.swift */ = {isa = PBXFileReference; lastKnownFileType = sourcecode.swift; path = RecommendColletion.swift; sourceTree = "<group>"; };
		0FAE1A9929A5F09700B55C24 /* RecommendColletion.xib */ = {isa = PBXFileReference; lastKnownFileType = file.xib; path = RecommendColletion.xib; sourceTree = "<group>"; };
		0FAE1A9D29A611AD00B55C24 /* AuthorCell.swift */ = {isa = PBXFileReference; lastKnownFileType = sourcecode.swift; path = AuthorCell.swift; sourceTree = "<group>"; };
		0FAE1A9E29A611AD00B55C24 /* AuthorCell.xib */ = {isa = PBXFileReference; lastKnownFileType = file.xib; path = AuthorCell.xib; sourceTree = "<group>"; };
		0FAE9BC52996289A0034C216 /* SignUpController.swift */ = {isa = PBXFileReference; lastKnownFileType = sourcecode.swift; path = SignUpController.swift; sourceTree = "<group>"; };
		0FC2CF0F29A7056E0081D7E8 /* AuthorColletion.swift */ = {isa = PBXFileReference; lastKnownFileType = sourcecode.swift; path = AuthorColletion.swift; sourceTree = "<group>"; };
		0FC2CF1029A7056E0081D7E8 /* AuthorColletion.xib */ = {isa = PBXFileReference; lastKnownFileType = file.xib; path = AuthorColletion.xib; sourceTree = "<group>"; };
		0FC2CF1329A70A4F0081D7E8 /* Authors.swift */ = {isa = PBXFileReference; lastKnownFileType = sourcecode.swift; path = Authors.swift; sourceTree = "<group>"; };
		3C0F60BE59AF873B1EE4B599 /* Pods-Manga_black_tont.release.xcconfig */ = {isa = PBXFileReference; includeInIndex = 1; lastKnownFileType = text.xcconfig; name = "Pods-Manga_black_tont.release.xcconfig"; path = "Target Support Files/Pods-Manga_black_tont/Pods-Manga_black_tont.release.xcconfig"; sourceTree = "<group>"; };
		B35CDFD06791104188AC3860 /* Pods-Manga_black_tont.debug.xcconfig */ = {isa = PBXFileReference; includeInIndex = 1; lastKnownFileType = text.xcconfig; name = "Pods-Manga_black_tont.debug.xcconfig"; path = "Target Support Files/Pods-Manga_black_tont/Pods-Manga_black_tont.debug.xcconfig"; sourceTree = "<group>"; };
/* End PBXFileReference section */

/* Begin PBXFrameworksBuildPhase section */
		0F9DACDE299495B0002F68AB /* Frameworks */ = {
			isa = PBXFrameworksBuildPhase;
			buildActionMask = 2147483647;
			files = (
				0225D8498D94BE2F4E4154FE /* Pods_Manga_black_tont.framework in Frameworks */,
			);
			runOnlyForDeploymentPostprocessing = 0;
		};
/* End PBXFrameworksBuildPhase section */

/* Begin PBXGroup section */
		0F03D33C29A4CBFA00678B5A /* Recommend */ = {
			isa = PBXGroup;
			children = (
				0F03D33D29A4CC1C00678B5A /* RecommendCell.swift */,
				0F03D33E29A4CC1C00678B5A /* RecommendCell.xib */,
				0FAE1A9829A5F09700B55C24 /* RecommendColletion.swift */,
				0FAE1A9929A5F09700B55C24 /* RecommendColletion.xib */,
			);
			path = Recommend;
			sourceTree = "<group>";
		};
		0F2F44F0299F719A00EFD72E /* Genres */ = {
			isa = PBXGroup;
			children = (
				0F2F44F2299F71C300EFD72E /* GenresCell.swift */,
				0F2F44F1299F71C300EFD72E /* GenresCell.xib */,
			);
			path = Genres;
			sourceTree = "<group>";
		};
		0F2F44F5299F76D500EFD72E /* home */ = {
			isa = PBXGroup;
			children = (
				0F2F44F8299F774D00EFD72E /* HomeController.swift */,
			);
			path = home;
			sourceTree = "<group>";
		};
		0F311BA029A4765F00C772F6 /* Feature */ = {
			isa = PBXGroup;
			children = (
				0F311BA129A476AD00C772F6 /* FeatureCell.swift */,
				0F311BA229A476AD00C772F6 /* FeatureCell.xib */,
				0FAE1A9429A5D2B700B55C24 /* FeatureCollection.swift */,
				0FAE1A9529A5D2B700B55C24 /* FeatureCollection.xib */,
			);
			name = Feature;
			path = "Featủe";
			sourceTree = "<group>";
		};
		0F9DACD8299495B0002F68AB = {
			isa = PBXGroup;
			children = (
				0F9DACE3299495B0002F68AB /* Manga_black_tont */,
				0F9DACE2299495B0002F68AB /* Products */,
				B002528DC6EC8BCDE6A523C5 /* Pods */,
				D24E4783B97AE2EF72D0056E /* Frameworks */,
			);
			sourceTree = "<group>";
		};
		0F9DACE2299495B0002F68AB /* Products */ = {
			isa = PBXGroup;
			children = (
				0F9DACE1299495B0002F68AB /* Manga_black_tont.app */,
			);
			name = Products;
			sourceTree = "<group>";
		};
		0F9DACE3299495B0002F68AB /* Manga_black_tont */ = {
			isa = PBXGroup;
			children = (
				0F9DAD092994D34D002F68AB /* Models */,
				0F9DAD082994D2AE002F68AB /* Extention */,
				0F9DACF9299495D5002F68AB /* View */,
				0F9DACF8299495C7002F68AB /* ViewController */,
				0F9DACE4299495B0002F68AB /* AppDelegate.swift */,
				0F9DACE6299495B0002F68AB /* SceneDelegate.swift */,
				0F9DACEA299495B0002F68AB /* Main.storyboard */,
				0F9DACED299495B4002F68AB /* Assets.xcassets */,
				0F9DACEF299495B4002F68AB /* LaunchScreen.storyboard */,
				0F9DACF2299495B4002F68AB /* Info.plist */,
			);
			path = Manga_black_tont;
			sourceTree = "<group>";
		};
		0F9DACF8299495C7002F68AB /* ViewController */ = {
			isa = PBXGroup;
			children = (
				0F2F44F5299F76D500EFD72E /* home */,
				0F2F44EC299F70A300EFD72E /* Welcome2Controller.swift */,
				0F9DACE8299495B0002F68AB /* MainMangaController.swift */,
				0F9DAD062994A83A002F68AB /* WelcomeController.swift */,
				0FAE9BC52996289A0034C216 /* SignUpController.swift */,
			);
			path = ViewController;
			sourceTree = "<group>";
		};
		0F9DACF9299495D5002F68AB /* View */ = {
			isa = PBXGroup;
			children = (
				0FAE1A9C29A60BD600B55C24 /* Author */,
				0F03D33C29A4CBFA00678B5A /* Recommend */,
				0F311BA029A4765F00C772F6 /* Feature */,
				0F2F44F0299F719A00EFD72E /* Genres */,
				0F9DAD122994DF36002F68AB /* StarPage */,
			);
			path = View;
			sourceTree = "<group>";
		};
		0F9DAD082994D2AE002F68AB /* Extention */ = {
			isa = PBXGroup;
			children = (
				0F9DAD0A2994D7B6002F68AB /* Uiview+extention.swift */,
			);
			path = Extention;
			sourceTree = "<group>";
		};
		0F9DAD092994D34D002F68AB /* Models */ = {
			isa = PBXGroup;
			children = (
				0F2F44EE299F70CC00EFD72E /* Genres.swift */,
				0F9DAD0C2994D950002F68AB /* StartPageSlide.swift */,
				0F311BA529A4792000C772F6 /* Features.swift */,
				0FAA31EB29A4CEFD0087F268 /* Recommends.swift */,
				0FC2CF1329A70A4F0081D7E8 /* Authors.swift */,
			);
			path = Models;
			sourceTree = "<group>";
		};
		0F9DAD122994DF36002F68AB /* StarPage */ = {
			isa = PBXGroup;
			children = (
				0F9DAD172994E014002F68AB /* StartPageCell.swift */,
				0F9DAD182994E014002F68AB /* StartPageCell.xib */,
			);
			path = StarPage;
			sourceTree = "<group>";
		};
		0FAE1A9C29A60BD600B55C24 /* Author */ = {
			isa = PBXGroup;
			children = (
				0FAE1A9D29A611AD00B55C24 /* AuthorCell.swift */,
				0FAE1A9E29A611AD00B55C24 /* AuthorCell.xib */,
				0FC2CF0F29A7056E0081D7E8 /* AuthorColletion.swift */,
				0FC2CF1029A7056E0081D7E8 /* AuthorColletion.xib */,
			);
			path = Author;
			sourceTree = "<group>";
		};
		B002528DC6EC8BCDE6A523C5 /* Pods */ = {
			isa = PBXGroup;
			children = (
				B35CDFD06791104188AC3860 /* Pods-Manga_black_tont.debug.xcconfig */,
				3C0F60BE59AF873B1EE4B599 /* Pods-Manga_black_tont.release.xcconfig */,
			);
			path = Pods;
			sourceTree = "<group>";
		};
		D24E4783B97AE2EF72D0056E /* Frameworks */ = {
			isa = PBXGroup;
			children = (
				0BCBE0BC3E35F7C37F164586 /* Pods_Manga_black_tont.framework */,
			);
			name = Frameworks;
			sourceTree = "<group>";
		};
/* End PBXGroup section */

/* Begin PBXNativeTarget section */
		0F9DACE0299495B0002F68AB /* Manga_black_tont */ = {
			isa = PBXNativeTarget;
			buildConfigurationList = 0F9DACF5299495B4002F68AB /* Build configuration list for PBXNativeTarget "Manga_black_tont" */;
			buildPhases = (
				E6749E2D983DBA8237CE9219 /* [CP] Check Pods Manifest.lock */,
				0F9DACDD299495B0002F68AB /* Sources */,
				0F9DACDE299495B0002F68AB /* Frameworks */,
				0F9DACDF299495B0002F68AB /* Resources */,
				0AC4C885D176529C349E0B8F /* [CP] Embed Pods Frameworks */,
			);
			buildRules = (
			);
			dependencies = (
			);
			name = Manga_black_tont;
			productName = Manga_black_tont;
			productReference = 0F9DACE1299495B0002F68AB /* Manga_black_tont.app */;
			productType = "com.apple.product-type.application";
		};
/* End PBXNativeTarget section */

/* Begin PBXProject section */
		0F9DACD9299495B0002F68AB /* Project object */ = {
			isa = PBXProject;
			attributes = {
				BuildIndependentTargetsInParallel = 1;
				LastSwiftUpdateCheck = 1420;
				LastUpgradeCheck = 1420;
				TargetAttributes = {
					0F9DACE0299495B0002F68AB = {
						CreatedOnToolsVersion = 14.2;
					};
				};
			};
			buildConfigurationList = 0F9DACDC299495B0002F68AB /* Build configuration list for PBXProject "Manga_black_tont" */;
			compatibilityVersion = "Xcode 14.0";
			developmentRegion = en;
			hasScannedForEncodings = 0;
			knownRegions = (
				en,
				Base,
			);
			mainGroup = 0F9DACD8299495B0002F68AB;
			productRefGroup = 0F9DACE2299495B0002F68AB /* Products */;
			projectDirPath = "";
			projectRoot = "";
			targets = (
				0F9DACE0299495B0002F68AB /* Manga_black_tont */,
			);
		};
/* End PBXProject section */

/* Begin PBXResourcesBuildPhase section */
		0F9DACDF299495B0002F68AB /* Resources */ = {
			isa = PBXResourcesBuildPhase;
			buildActionMask = 2147483647;
			files = (
				0F9DACF1299495B4002F68AB /* LaunchScreen.storyboard in Resources */,
				0F9DAD1A2994E014002F68AB /* StartPageCell.xib in Resources */,
				0F311BA429A476AD00C772F6 /* FeatureCell.xib in Resources */,
				0F03D34029A4CC1C00678B5A /* RecommendCell.xib in Resources */,
				0F2F44F3299F71C300EFD72E /* GenresCell.xib in Resources */,
				0F9DACEE299495B4002F68AB /* Assets.xcassets in Resources */,
				0FC2CF1229A7056E0081D7E8 /* AuthorColletion.xib in Resources */,
				0FAE1A9729A5D2B700B55C24 /* FeatureCollection.xib in Resources */,
				0FAE1A9B29A5F09700B55C24 /* RecommendColletion.xib in Resources */,
				0FAE1AA029A611AE00B55C24 /* AuthorCell.xib in Resources */,
				0F9DACEC299495B0002F68AB /* Main.storyboard in Resources */,
			);
			runOnlyForDeploymentPostprocessing = 0;
		};
/* End PBXResourcesBuildPhase section */

/* Begin PBXShellScriptBuildPhase section */
		0AC4C885D176529C349E0B8F /* [CP] Embed Pods Frameworks */ = {
			isa = PBXShellScriptBuildPhase;
			buildActionMask = 2147483647;
			files = (
			);
			inputFileListPaths = (
				"${PODS_ROOT}/Target Support Files/Pods-Manga_black_tont/Pods-Manga_black_tont-frameworks-${CONFIGURATION}-input-files.xcfilelist",
			);
			name = "[CP] Embed Pods Frameworks";
			outputFileListPaths = (
				"${PODS_ROOT}/Target Support Files/Pods-Manga_black_tont/Pods-Manga_black_tont-frameworks-${CONFIGURATION}-output-files.xcfilelist",
			);
			runOnlyForDeploymentPostprocessing = 0;
			shellPath = /bin/sh;
			shellScript = "\"${PODS_ROOT}/Target Support Files/Pods-Manga_black_tont/Pods-Manga_black_tont-frameworks.sh\"\n";
			showEnvVarsInLog = 0;
		};
		E6749E2D983DBA8237CE9219 /* [CP] Check Pods Manifest.lock */ = {
			isa = PBXShellScriptBuildPhase;
			buildActionMask = 2147483647;
			files = (
			);
			inputFileListPaths = (
			);
			inputPaths = (
				"${PODS_PODFILE_DIR_PATH}/Podfile.lock",
				"${PODS_ROOT}/Manifest.lock",
			);
			name = "[CP] Check Pods Manifest.lock";
			outputFileListPaths = (
			);
			outputPaths = (
				"$(DERIVED_FILE_DIR)/Pods-Manga_black_tont-checkManifestLockResult.txt",
			);
			runOnlyForDeploymentPostprocessing = 0;
			shellPath = /bin/sh;
			shellScript = "diff \"${PODS_PODFILE_DIR_PATH}/Podfile.lock\" \"${PODS_ROOT}/Manifest.lock\" > /dev/null\nif [ $? != 0 ] ; then\n    # print error to STDERR\n    echo \"error: The sandbox is not in sync with the Podfile.lock. Run 'pod install' or update your CocoaPods installation.\" >&2\n    exit 1\nfi\n# This output is used by Xcode 'outputs' to avoid re-running this script phase.\necho \"SUCCESS\" > \"${SCRIPT_OUTPUT_FILE_0}\"\n";
			showEnvVarsInLog = 0;
		};
/* End PBXShellScriptBuildPhase section */

/* Begin PBXSourcesBuildPhase section */
		0F9DACDD299495B0002F68AB /* Sources */ = {
			isa = PBXSourcesBuildPhase;
			buildActionMask = 2147483647;
			files = (
				0FAE1A9F29A611AD00B55C24 /* AuthorCell.swift in Sources */,
				0FAE1A9A29A5F09700B55C24 /* RecommendColletion.swift in Sources */,
				0F9DAD0B2994D7B6002F68AB /* Uiview+extention.swift in Sources */,
				0F2F44EF299F70CC00EFD72E /* Genres.swift in Sources */,
				0FC2CF1129A7056E0081D7E8 /* AuthorColletion.swift in Sources */,
				0F2F44F4299F71C300EFD72E /* GenresCell.swift in Sources */,
				0F311BA329A476AD00C772F6 /* FeatureCell.swift in Sources */,
				0F9DAD192994E014002F68AB /* StartPageCell.swift in Sources */,
				0F9DACE9299495B0002F68AB /* MainMangaController.swift in Sources */,
				0FAE9BC62996289A0034C216 /* SignUpController.swift in Sources */,
				0FC2CF1429A70A4F0081D7E8 /* Authors.swift in Sources */,
				0F03D33F29A4CC1C00678B5A /* RecommendCell.swift in Sources */,
				0FAA31EC29A4CEFD0087F268 /* Recommends.swift in Sources */,
				0F2F44ED299F70A300EFD72E /* Welcome2Controller.swift in Sources */,
				0F9DACE5299495B0002F68AB /* AppDelegate.swift in Sources */,
				0F311BA629A4792000C772F6 /* Features.swift in Sources */,
				0F2F44F9299F774D00EFD72E /* HomeController.swift in Sources */,
				0F9DAD072994A83A002F68AB /* WelcomeController.swift in Sources */,
				0F9DACE7299495B0002F68AB /* SceneDelegate.swift in Sources */,
				0FAE1A9629A5D2B700B55C24 /* FeatureCollection.swift in Sources */,
				0F9DAD0D2994D950002F68AB /* StartPageSlide.swift in Sources */,
			);
			runOnlyForDeploymentPostprocessing = 0;
		};
/* End PBXSourcesBuildPhase section */

/* Begin PBXVariantGroup section */
		0F9DACEA299495B0002F68AB /* Main.storyboard */ = {
			isa = PBXVariantGroup;
			children = (
				0F9DACEB299495B0002F68AB /* Base */,
			);
			name = Main.storyboard;
			sourceTree = "<group>";
		};
		0F9DACEF299495B4002F68AB /* LaunchScreen.storyboard */ = {
			isa = PBXVariantGroup;
			children = (
				0F9DACF0299495B4002F68AB /* Base */,
			);
			name = LaunchScreen.storyboard;
			sourceTree = "<group>";
		};
/* End PBXVariantGroup section */

/* Begin XCBuildConfiguration section */
		0F9DACF3299495B4002F68AB /* Debug */ = {
			isa = XCBuildConfiguration;
			buildSettings = {
				ALWAYS_SEARCH_USER_PATHS = NO;
				CLANG_ANALYZER_NONNULL = YES;
				CLANG_ANALYZER_NUMBER_OBJECT_CONVERSION = YES_AGGRESSIVE;
				CLANG_CXX_LANGUAGE_STANDARD = "gnu++20";
				CLANG_ENABLE_MODULES = YES;
				CLANG_ENABLE_OBJC_ARC = YES;
				CLANG_ENABLE_OBJC_WEAK = YES;
				CLANG_WARN_BLOCK_CAPTURE_AUTORELEASING = YES;
				CLANG_WARN_BOOL_CONVERSION = YES;
				CLANG_WARN_COMMA = YES;
				CLANG_WARN_CONSTANT_CONVERSION = YES;
				CLANG_WARN_DEPRECATED_OBJC_IMPLEMENTATIONS = YES;
				CLANG_WARN_DIRECT_OBJC_ISA_USAGE = YES_ERROR;
				CLANG_WARN_DOCUMENTATION_COMMENTS = YES;
				CLANG_WARN_EMPTY_BODY = YES;
				CLANG_WARN_ENUM_CONVERSION = YES;
				CLANG_WARN_INFINITE_RECURSION = YES;
				CLANG_WARN_INT_CONVERSION = YES;
				CLANG_WARN_NON_LITERAL_NULL_CONVERSION = YES;
				CLANG_WARN_OBJC_IMPLICIT_RETAIN_SELF = YES;
				CLANG_WARN_OBJC_LITERAL_CONVERSION = YES;
				CLANG_WARN_OBJC_ROOT_CLASS = YES_ERROR;
				CLANG_WARN_QUOTED_INCLUDE_IN_FRAMEWORK_HEADER = YES;
				CLANG_WARN_RANGE_LOOP_ANALYSIS = YES;
				CLANG_WARN_STRICT_PROTOTYPES = YES;
				CLANG_WARN_SUSPICIOUS_MOVE = YES;
				CLANG_WARN_UNGUARDED_AVAILABILITY = YES_AGGRESSIVE;
				CLANG_WARN_UNREACHABLE_CODE = YES;
				CLANG_WARN__DUPLICATE_METHOD_MATCH = YES;
				COPY_PHASE_STRIP = NO;
				DEBUG_INFORMATION_FORMAT = dwarf;
				ENABLE_STRICT_OBJC_MSGSEND = YES;
				ENABLE_TESTABILITY = YES;
				GCC_C_LANGUAGE_STANDARD = gnu11;
				GCC_DYNAMIC_NO_PIC = NO;
				GCC_NO_COMMON_BLOCKS = YES;
				GCC_OPTIMIZATION_LEVEL = 0;
				GCC_PREPROCESSOR_DEFINITIONS = (
					"DEBUG=1",
					"$(inherited)",
				);
				GCC_WARN_64_TO_32_BIT_CONVERSION = YES;
				GCC_WARN_ABOUT_RETURN_TYPE = YES_ERROR;
				GCC_WARN_UNDECLARED_SELECTOR = YES;
				GCC_WARN_UNINITIALIZED_AUTOS = YES_AGGRESSIVE;
				GCC_WARN_UNUSED_FUNCTION = YES;
				GCC_WARN_UNUSED_VARIABLE = YES;
				IPHONEOS_DEPLOYMENT_TARGET = 16.2;
				MTL_ENABLE_DEBUG_INFO = INCLUDE_SOURCE;
				MTL_FAST_MATH = YES;
				ONLY_ACTIVE_ARCH = YES;
				SDKROOT = iphoneos;
				SWIFT_ACTIVE_COMPILATION_CONDITIONS = DEBUG;
				SWIFT_OPTIMIZATION_LEVEL = "-Onone";
			};
			name = Debug;
		};
		0F9DACF4299495B4002F68AB /* Release */ = {
			isa = XCBuildConfiguration;
			buildSettings = {
				ALWAYS_SEARCH_USER_PATHS = NO;
				CLANG_ANALYZER_NONNULL = YES;
				CLANG_ANALYZER_NUMBER_OBJECT_CONVERSION = YES_AGGRESSIVE;
				CLANG_CXX_LANGUAGE_STANDARD = "gnu++20";
				CLANG_ENABLE_MODULES = YES;
				CLANG_ENABLE_OBJC_ARC = YES;
				CLANG_ENABLE_OBJC_WEAK = YES;
				CLANG_WARN_BLOCK_CAPTURE_AUTORELEASING = YES;
				CLANG_WARN_BOOL_CONVERSION = YES;
				CLANG_WARN_COMMA = YES;
				CLANG_WARN_CONSTANT_CONVERSION = YES;
				CLANG_WARN_DEPRECATED_OBJC_IMPLEMENTATIONS = YES;
				CLANG_WARN_DIRECT_OBJC_ISA_USAGE = YES_ERROR;
				CLANG_WARN_DOCUMENTATION_COMMENTS = YES;
				CLANG_WARN_EMPTY_BODY = YES;
				CLANG_WARN_ENUM_CONVERSION = YES;
				CLANG_WARN_INFINITE_RECURSION = YES;
				CLANG_WARN_INT_CONVERSION = YES;
				CLANG_WARN_NON_LITERAL_NULL_CONVERSION = YES;
				CLANG_WARN_OBJC_IMPLICIT_RETAIN_SELF = YES;
				CLANG_WARN_OBJC_LITERAL_CONVERSION = YES;
				CLANG_WARN_OBJC_ROOT_CLASS = YES_ERROR;
				CLANG_WARN_QUOTED_INCLUDE_IN_FRAMEWORK_HEADER = YES;
				CLANG_WARN_RANGE_LOOP_ANALYSIS = YES;
				CLANG_WARN_STRICT_PROTOTYPES = YES;
				CLANG_WARN_SUSPICIOUS_MOVE = YES;
				CLANG_WARN_UNGUARDED_AVAILABILITY = YES_AGGRESSIVE;
				CLANG_WARN_UNREACHABLE_CODE = YES;
				CLANG_WARN__DUPLICATE_METHOD_MATCH = YES;
				COPY_PHASE_STRIP = NO;
				DEBUG_INFORMATION_FORMAT = "dwarf-with-dsym";
				ENABLE_NS_ASSERTIONS = NO;
				ENABLE_STRICT_OBJC_MSGSEND = YES;
				GCC_C_LANGUAGE_STANDARD = gnu11;
				GCC_NO_COMMON_BLOCKS = YES;
				GCC_WARN_64_TO_32_BIT_CONVERSION = YES;
				GCC_WARN_ABOUT_RETURN_TYPE = YES_ERROR;
				GCC_WARN_UNDECLARED_SELECTOR = YES;
				GCC_WARN_UNINITIALIZED_AUTOS = YES_AGGRESSIVE;
				GCC_WARN_UNUSED_FUNCTION = YES;
				GCC_WARN_UNUSED_VARIABLE = YES;
				IPHONEOS_DEPLOYMENT_TARGET = 16.2;
				MTL_ENABLE_DEBUG_INFO = NO;
				MTL_FAST_MATH = YES;
				SDKROOT = iphoneos;
				SWIFT_COMPILATION_MODE = wholemodule;
				SWIFT_OPTIMIZATION_LEVEL = "-O";
				VALIDATE_PRODUCT = YES;
			};
			name = Release;
		};
		0F9DACF6299495B4002F68AB /* Debug */ = {
			isa = XCBuildConfiguration;
			baseConfigurationReference = B35CDFD06791104188AC3860 /* Pods-Manga_black_tont.debug.xcconfig */;
			buildSettings = {
				ASSETCATALOG_COMPILER_APPICON_NAME = AppIcon;
				ASSETCATALOG_COMPILER_GLOBAL_ACCENT_COLOR_NAME = AccentColor;
				CODE_SIGN_STYLE = Automatic;
				CURRENT_PROJECT_VERSION = 1;
				GENERATE_INFOPLIST_FILE = YES;
				INFOPLIST_FILE = Manga_black_tont/Info.plist;
				INFOPLIST_KEY_UIApplicationSupportsIndirectInputEvents = YES;
				INFOPLIST_KEY_UILaunchStoryboardName = LaunchScreen;
				INFOPLIST_KEY_UIMainStoryboardFile = Main;
				INFOPLIST_KEY_UISupportedInterfaceOrientations_iPad = "UIInterfaceOrientationPortrait UIInterfaceOrientationPortraitUpsideDown UIInterfaceOrientationLandscapeLeft UIInterfaceOrientationLandscapeRight";
				INFOPLIST_KEY_UISupportedInterfaceOrientations_iPhone = "UIInterfaceOrientationPortrait UIInterfaceOrientationLandscapeLeft UIInterfaceOrientationLandscapeRight";
				LD_RUNPATH_SEARCH_PATHS = (
					"$(inherited)",
					"@executable_path/Frameworks",
				);
				MARKETING_VERSION = 1.0;
				PRODUCT_BUNDLE_IDENTIFIER = "com.app.Manga-black-tont";
				PRODUCT_NAME = "$(TARGET_NAME)";
				SWIFT_EMIT_LOC_STRINGS = YES;
				SWIFT_VERSION = 5.0;
				TARGETED_DEVICE_FAMILY = "1,2";
			};
			name = Debug;
		};
		0F9DACF7299495B4002F68AB /* Release */ = {
			isa = XCBuildConfiguration;
			baseConfigurationReference = 3C0F60BE59AF873B1EE4B599 /* Pods-Manga_black_tont.release.xcconfig */;
			buildSettings = {
				ASSETCATALOG_COMPILER_APPICON_NAME = AppIcon;
				ASSETCATALOG_COMPILER_GLOBAL_ACCENT_COLOR_NAME = AccentColor;
				CODE_SIGN_STYLE = Automatic;
				CURRENT_PROJECT_VERSION = 1;
				GENERATE_INFOPLIST_FILE = YES;
				INFOPLIST_FILE = Manga_black_tont/Info.plist;
				INFOPLIST_KEY_UIApplicationSupportsIndirectInputEvents = YES;
				INFOPLIST_KEY_UILaunchStoryboardName = LaunchScreen;
				INFOPLIST_KEY_UIMainStoryboardFile = Main;
				INFOPLIST_KEY_UISupportedInterfaceOrientations_iPad = "UIInterfaceOrientationPortrait UIInterfaceOrientationPortraitUpsideDown UIInterfaceOrientationLandscapeLeft UIInterfaceOrientationLandscapeRight";
				INFOPLIST_KEY_UISupportedInterfaceOrientations_iPhone = "UIInterfaceOrientationPortrait UIInterfaceOrientationLandscapeLeft UIInterfaceOrientationLandscapeRight";
				LD_RUNPATH_SEARCH_PATHS = (
					"$(inherited)",
					"@executable_path/Frameworks",
				);
				MARKETING_VERSION = 1.0;
				PRODUCT_BUNDLE_IDENTIFIER = "com.app.Manga-black-tont";
				PRODUCT_NAME = "$(TARGET_NAME)";
				SWIFT_EMIT_LOC_STRINGS = YES;
				SWIFT_VERSION = 5.0;
				TARGETED_DEVICE_FAMILY = "1,2";
			};
			name = Release;
		};
/* End XCBuildConfiguration section */

/* Begin XCConfigurationList section */
		0F9DACDC299495B0002F68AB /* Build configuration list for PBXProject "Manga_black_tont" */ = {
			isa = XCConfigurationList;
			buildConfigurations = (
				0F9DACF3299495B4002F68AB /* Debug */,
				0F9DACF4299495B4002F68AB /* Release */,
			);
			defaultConfigurationIsVisible = 0;
			defaultConfigurationName = Release;
		};
		0F9DACF5299495B4002F68AB /* Build configuration list for PBXNativeTarget "Manga_black_tont" */ = {
			isa = XCConfigurationList;
			buildConfigurations = (
				0F9DACF6299495B4002F68AB /* Debug */,
				0F9DACF7299495B4002F68AB /* Release */,
			);
			defaultConfigurationIsVisible = 0;
			defaultConfigurationName = Release;
		};
/* End XCConfigurationList section */
	};
	rootObject = 0F9DACD9299495B0002F68AB /* Project object */;
}
